// !$*UTF8*$!
{
	archiveVersion = 1;
	classes = {
	};
	objectVersion = 56;
	objects = {

/* Begin PBXBuildFile section */
		1A0001001F000000001 /* AppDelegate.swift in Sources */ = {isa = PBXBuildFile; fileRef = 1A0001001F000000000 /* AppDelegate.swift */; };
		1A0001001F000001001 /* SceneDelegate.swift in Sources */ = {isa = PBXBuildFile; fileRef = 1A0001001F000001000 /* SceneDelegate.swift */; };
		1A0001001F000002001 /* ContentView.swift in Sources */ = {isa = PBXBuildFile; fileRef = 1A0001001F000002000 /* ContentView.swift */; };
		1A0001001F000003001 /* Assets.xcassets in Resources */ = {isa = PBXBuildFile; fileRef = 1A0001001F000003000 /* Assets.xcassets */; };
		1A0001001F000004001 /* LaunchScreen.storyboard in Resources */ = {isa = PBXBuildFile; fileRef = 1A0001001F000004000 /* LaunchScreen.storyboard */; };
		1A0001001F000005001 /* Auth0KeychainManager.swift in Sources */ = {isa = PBXBuildFile; fileRef = 1A0001001F000005000 /* Auth0KeychainManager.swift */; };
		1A0001001F000006001 /* PTTChannelManager.swift in Sources */ = {isa = PBXBuildFile; fileRef = 1A0001001F000006000 /* PTTChannelManager.swift */; };
		1A0001001F000007001 /* NetworkService.swift in Sources */ = {isa = PBXBuildFile; fileRef = 1A0001001F000007000 /* NetworkService.swift */; };
		1A0001001F000008001 /* Models.swift in Sources */ = {isa = PBXBuildFile; fileRef = 1A0001001F000008000 /* Models.swift */; };
		1A0001001F000009001 /* MainViewController.swift in Sources */ = {isa = PBXBuildFile; fileRef = 1A0001001F000009000 /* MainViewController.swift */; };
		1A0001001F000010001 /* PTTAudioManager.swift in Sources */ = {isa = PBXBuildFile; fileRef = 1A0001001F000010000 /* PTTAudioManager.swift */; };
		1A0001001F000011001 /* LocalizableStrings.swift in Sources */ = {isa = PBXBuildFile; fileRef = 1A0001001F000011000 /* LocalizableStrings.swift */; };
		1A0001001F000012001 /* Localizable.strings in Resources */ = {isa = PBXBuildFile; fileRef = 1A0001001F000012000 /* Localizable.strings */; };
		ACA08DB82E5B4EDC004F46BB /* ConfigurationManager.swift in Sources */ = {isa = PBXBuildFile; fileRef = ACA08DB62E5B4EDC004F46BB /* ConfigurationManager.swift */; };
		ACA08DBA2E5B4F2D004F46BB /* EnvironmentReader.swift in Sources */ = {isa = PBXBuildFile; fileRef = ACA08DB92E5B4F2D004F46BB /* EnvironmentReader.swift */; };
		ACA08DBE2E5B56E7004F46BB /* Auth0 in Frameworks */ = {isa = PBXBuildFile; productRef = ACA08DBD2E5B56E7004F46BB /* Auth0 */; };
		ACB6DA1C2E5A53FA00C242EF /* ParapenteStateManager.swift in Sources */ = {isa = PBXBuildFile; fileRef = ACB6DA1B2E5A53FA00C242EF /* ParapenteStateManager.swift */; };
		ACB6DA1F2E5A541600C242EF /* ChannelViews.swift in Sources */ = {isa = PBXBuildFile; fileRef = ACB6DA1D2E5A541600C242EF /* ChannelViews.swift */; };
		ACB6DA202E5A541600C242EF /* PlaceholderViews.swift in Sources */ = {isa = PBXBuildFile; fileRef = ACB6DA1E2E5A541600C242EF /* PlaceholderViews.swift */; };
/* End PBXBuildFile section */

/* Begin PBXFileReference section */
		1A000100000000000 /* ParaWavePTT.app */ = {isa = PBXFileReference; explicitFileType = wrapper.application; includeInIndex = 0; path = ParaWavePTT.app; sourceTree = BUILT_PRODUCTS_DIR; };
		1A0001001F000000000 /* AppDelegate.swift */ = {isa = PBXFileReference; lastKnownFileType = sourcecode.swift; path = AppDelegate.swift; sourceTree = "<group>"; };
		1A0001001F000001000 /* SceneDelegate.swift */ = {isa = PBXFileReference; lastKnownFileType = sourcecode.swift; path = SceneDelegate.swift; sourceTree = "<group>"; };
		1A0001001F000002000 /* ContentView.swift */ = {isa = PBXFileReference; lastKnownFileType = sourcecode.swift; path = ContentView.swift; sourceTree = "<group>"; };
		1A0001001F000003000 /* Assets.xcassets */ = {isa = PBXFileReference; lastKnownFileType = folder.assetcatalog; path = Assets.xcassets; sourceTree = "<group>"; };
		1A0001001F000004000 /* LaunchScreen.storyboard */ = {isa = PBXFileReference; lastKnownFileType = file.storyboard; path = LaunchScreen.storyboard; sourceTree = "<group>"; };
		1A0001001F000005000 /* Auth0KeychainManager.swift */ = {isa = PBXFileReference; lastKnownFileType = sourcecode.swift; path = Auth0KeychainManager.swift; sourceTree = "<group>"; };
		1A0001001F000006000 /* PTTChannelManager.swift */ = {isa = PBXFileReference; lastKnownFileType = sourcecode.swift; path = PTTChannelManager.swift; sourceTree = "<group>"; };
		1A0001001F000007000 /* NetworkService.swift */ = {isa = PBXFileReference; lastKnownFileType = sourcecode.swift; path = NetworkService.swift; sourceTree = "<group>"; };
		1A0001001F000008000 /* Models.swift */ = {isa = PBXFileReference; lastKnownFileType = sourcecode.swift; path = Models.swift; sourceTree = "<group>"; };
		1A0001001F000009000 /* MainViewController.swift */ = {isa = PBXFileReference; lastKnownFileType = sourcecode.swift; path = MainViewController.swift; sourceTree = "<group>"; };
		1A0001001F000010000 /* PTTAudioManager.swift */ = {isa = PBXFileReference; lastKnownFileType = sourcecode.swift; path = PTTAudioManager.swift; sourceTree = "<group>"; };
		1A0001001F000011000 /* LocalizableStrings.swift */ = {isa = PBXFileReference; lastKnownFileType = sourcecode.swift; path = LocalizableStrings.swift; sourceTree = "<group>"; };
		1A0001001F000012000 /* Localizable.strings */ = {isa = PBXFileReference; lastKnownFileType = text.plist.strings; path = Localizable.strings; sourceTree = "<group>"; };
		1A000100ENT000000 /* ParaWavePTT.entitlements */ = {isa = PBXFileReference; lastKnownFileType = text.plist.entitlements; path = ParaWavePTT.entitlements; sourceTree = "<group>"; };
		1A000100INFO000000 /* Info.plist */ = {isa = PBXFileReference; lastKnownFileType = text.plist.xml; path = Info.plist; sourceTree = "<group>"; };
		ACA08DA12E5B4858004F46BB /* apple_ppt_framework.md */ = {isa = PBXFileReference; lastKnownFileType = net.daringfireball.markdown; path = apple_ppt_framework.md; sourceTree = "<group>"; };
		ACA08DA22E5B4858004F46BB /* ios_ptt_analysis.md */ = {isa = PBXFileReference; lastKnownFileType = net.daringfireball.markdown; path = ios_ptt_analysis.md; sourceTree = "<group>"; };
		ACA08DA32E5B4858004F46BB /* ptt-audio-api.md */ = {isa = PBXFileReference; lastKnownFileType = net.daringfireball.markdown; path = "ptt-audio-api.md"; sourceTree = "<group>"; };
		ACA08DA52E5B4957004F46BB /* .env */ = {isa = PBXFileReference; lastKnownFileType = text; name = .env; path = "/Users/rlemeill/Development/parawave-ptt/.env"; sourceTree = "<absolute>"; };
		ACA08DB02E5B4C39004F46BB /* ErrorManager.swift */ = {isa = PBXFileReference; lastKnownFileType = sourcecode.swift; path = ErrorManager.swift; sourceTree = "<group>"; };
		ACA08DB12E5B4C39004F46BB /* LogManager.swift */ = {isa = PBXFileReference; lastKnownFileType = sourcecode.swift; path = LogManager.swift; sourceTree = "<group>"; };
		ACA08DB22E5B4C39004F46BB /* PermissionManager.swift */ = {isa = PBXFileReference; lastKnownFileType = sourcecode.swift; path = PermissionManager.swift; sourceTree = "<group>"; };
		ACA08DB62E5B4EDC004F46BB /* ConfigurationManager.swift */ = {isa = PBXFileReference; lastKnownFileType = sourcecode.swift; path = ConfigurationManager.swift; sourceTree = "<group>"; };
		ACA08DB92E5B4F2D004F46BB /* EnvironmentReader.swift */ = {isa = PBXFileReference; lastKnownFileType = sourcecode.swift; path = EnvironmentReader.swift; sourceTree = "<group>"; };
		ACA08DBB2E5B5399004F46BB /* openapi.json */ = {isa = PBXFileReference; lastKnownFileType = text.json; name = openapi.json; path = "/Users/rlemeill/Development/parawave-ptt/apps/backend-admin/public/openapi.json"; sourceTree = "<absolute>"; };
		ACB6DA1B2E5A53FA00C242EF /* ParapenteStateManager.swift */ = {isa = PBXFileReference; lastKnownFileType = sourcecode.swift; path = ParapenteStateManager.swift; sourceTree = "<group>"; };
		ACB6DA1D2E5A541600C242EF /* ChannelViews.swift */ = {isa = PBXFileReference; lastKnownFileType = sourcecode.swift; path = ChannelViews.swift; sourceTree = "<group>"; };
		ACB6DA1E2E5A541600C242EF /* PlaceholderViews.swift */ = {isa = PBXFileReference; lastKnownFileType = sourcecode.swift; path = PlaceholderViews.swift; sourceTree = "<group>"; };
/* End PBXFileReference section */

/* Begin PBXFrameworksBuildPhase section */
		1A000100000000001 /* Frameworks */ = {
			isa = PBXFrameworksBuildPhase;
			buildActionMask = 2147483647;
			files = (
				ACA08DBE2E5B56E7004F46BB /* Auth0 in Frameworks */,
			);
			runOnlyForDeploymentPostprocessing = 0;
		};
/* End PBXFrameworksBuildPhase section */

/* Begin PBXGroup section */
		1A000100000000002 = {
			isa = PBXGroup;
			children = (
				ACA08DA42E5B4858004F46BB /* docs */,
				1A000100000000003 /* ParaWavePTT */,
				1A000100000000004 /* Products */,
			);
			sourceTree = "<group>";
		};
		1A000100000000003 /* ParaWavePTT */ = {
			isa = PBXGroup;
			children = (
				ACA08DB72E5B4EDC004F46BB /* Config */,
				ACA08DA52E5B4957004F46BB /* .env */,
				1A000100000000005 /* Application */,
				1A000100000000006 /* Views */,
				1A000100000000007 /* Services */,
				ACA08DB32E5B4C39004F46BB /* Utils */,
				1A000100000000008 /* Models */,
				1A000100000000009 /* Localization */,
				1A000100000000010 /* Resources */,
				1A000100INFO000000 /* Info.plist */,
				1A000100ENT000000 /* ParaWavePTT.entitlements */,
			);
			path = ParaWavePTT;
			sourceTree = "<group>";
		};
		1A000100000000004 /* Products */ = {
			isa = PBXGroup;
			children = (
				1A000100000000000 /* ParaWavePTT.app */,
			);
			name = Products;
			sourceTree = "<group>";
		};
		1A000100000000005 /* Application */ = {
			isa = PBXGroup;
			children = (
				1A0001001F000000000 /* AppDelegate.swift */,
				1A0001001F000001000 /* SceneDelegate.swift */,
			);
			path = Application;
			sourceTree = "<group>";
		};
		1A000100000000006 /* Views */ = {
			isa = PBXGroup;
			children = (
				ACB6DA1D2E5A541600C242EF /* ChannelViews.swift */,
				ACB6DA1E2E5A541600C242EF /* PlaceholderViews.swift */,
				1A0001001F000002000 /* ContentView.swift */,
				1A0001001F000009000 /* MainViewController.swift */,
			);
			path = Views;
			sourceTree = "<group>";
		};
		1A000100000000007 /* Services */ = {
			isa = PBXGroup;
			children = (
				ACB6DA1B2E5A53FA00C242EF /* ParapenteStateManager.swift */,
				1A0001001F000005000 /* Auth0KeychainManager.swift */,
				1A0001001F000006000 /* PTTChannelManager.swift */,
				1A0001001F000007000 /* NetworkService.swift */,
				1A0001001F000010000 /* PTTAudioManager.swift */,
			);
			path = Services;
			sourceTree = "<group>";
		};
		1A000100000000008 /* Models */ = {
			isa = PBXGroup;
			children = (
				1A0001001F000008000 /* Models.swift */,
			);
			path = Models;
			sourceTree = "<group>";
		};
		1A000100000000009 /* Localization */ = {
			isa = PBXGroup;
			children = (
				1A0001001F000011000 /* LocalizableStrings.swift */,
				1A0001001F000012000 /* Localizable.strings */,
			);
			path = Localization;
			sourceTree = "<group>";
		};
		1A000100000000010 /* Resources */ = {
			isa = PBXGroup;
			children = (
				1A0001001F000003000 /* Assets.xcassets */,
				1A0001001F000004000 /* LaunchScreen.storyboard */,
			);
			path = Resources;
			sourceTree = "<group>";
		};
		ACA08DA42E5B4858004F46BB /* docs */ = {
			isa = PBXGroup;
			children = (
				ACA08DBB2E5B5399004F46BB /* openapi.json */,
				ACA08DA12E5B4858004F46BB /* apple_ppt_framework.md */,
				ACA08DA22E5B4858004F46BB /* ios_ptt_analysis.md */,
				ACA08DA32E5B4858004F46BB /* ptt-audio-api.md */,
			);
			name = docs;
			path = "/Users/rlemeill/Development/parawave-ptt/docs";
			sourceTree = "<absolute>";
		};
		ACA08DB32E5B4C39004F46BB /* Utils */ = {
			isa = PBXGroup;
			children = (
				ACA08DB92E5B4F2D004F46BB /* EnvironmentReader.swift */,
				ACA08DB02E5B4C39004F46BB /* ErrorManager.swift */,
				ACA08DB12E5B4C39004F46BB /* LogManager.swift */,
				ACA08DB22E5B4C39004F46BB /* PermissionManager.swift */,
			);
			path = Utils;
			sourceTree = "<group>";
		};
		ACA08DB72E5B4EDC004F46BB /* Config */ = {
			isa = PBXGroup;
			children = (
				ACA08DB62E5B4EDC004F46BB /* ConfigurationManager.swift */,
			);
			path = Config;
			sourceTree = "<group>";
		};
/* End PBXGroup section */

/* Begin PBXNativeTarget section */
		1A000100000000011 /* ParaWavePTT */ = {
			isa = PBXNativeTarget;
			buildConfigurationList = 1A000100000000012 /* Build configuration list for PBXNativeTarget "ParaWavePTT" */;
			buildPhases = (
				1A000100000000013 /* Sources */,
				1A000100000000001 /* Frameworks */,
				1A000100000000014 /* Resources */,
			);
			buildRules = (
			);
			dependencies = (
			);
			name = ParaWavePTT;
			packageProductDependencies = (
				ACA08DBD2E5B56E7004F46BB /* Auth0 */,
			);
			productName = ParaWavePTT;
			productReference = 1A000100000000000 /* ParaWavePTT.app */;
			productType = "com.apple.product-type.application";
		};
/* End PBXNativeTarget section */

/* Begin PBXProject section */
		1A000100000000015 /* Project object */ = {
			isa = PBXProject;
			attributes = {
				BuildIndependentTargetsInParallel = 1;
				LastSwiftUpdateCheck = 1500;
				LastUpgradeCheck = 1500;
				TargetAttributes = {
					1A000100000000011 = {
						CreatedOnToolsVersion = 15.0;
						LastSwiftMigration = 1500;
					};
				};
			};
			buildConfigurationList = 1A000100000000016 /* Build configuration list for PBXProject "ParaWavePTT" */;
			compatibilityVersion = "Xcode 14.0";
			developmentRegion = fr;
			hasScannedForEncodings = 0;
			knownRegions = (
				fr,
				en,
				es,
				it,
				Base,
			);
			mainGroup = 1A000100000000002;
			packageReferences = (
				ACA08DBC2E5B56E7004F46BB /* XCRemoteSwiftPackageReference "Auth0" */,
			);
			productRefGroup = 1A000100000000004 /* Products */;
			projectDirPath = "";
			projectRoot = "";
			targets = (
				1A000100000000011 /* ParaWavePTT */,
			);
		};
/* End PBXProject section */

/* Begin PBXResourcesBuildPhase section */
		1A000100000000014 /* Resources */ = {
			isa = PBXResourcesBuildPhase;
			buildActionMask = 2147483647;
			files = (
				1A0001001F000004001 /* LaunchScreen.storyboard in Resources */,
				1A0001001F000003001 /* Assets.xcassets in Resources */,
				1A0001001F000012001 /* Localizable.strings in Resources */,
			);
			runOnlyForDeploymentPostprocessing = 0;
		};
/* End PBXResourcesBuildPhase section */

/* Begin PBXSourcesBuildPhase section */
		1A000100000000013 /* Sources */ = {
			isa = PBXSourcesBuildPhase;
			buildActionMask = 2147483647;
			files = (
				1A0001001F000000001 /* AppDelegate.swift in Sources */,
				1A0001001F000001001 /* SceneDelegate.swift in Sources */,
				1A0001001F000002001 /* ContentView.swift in Sources */,
				1A0001001F000005001 /* Auth0KeychainManager.swift in Sources */,
				1A0001001F000006001 /* PTTChannelManager.swift in Sources */,
				1A0001001F000007001 /* NetworkService.swift in Sources */,
				ACB6DA1F2E5A541600C242EF /* ChannelViews.swift in Sources */,
				ACB6DA202E5A541600C242EF /* PlaceholderViews.swift in Sources */,
				1A0001001F000008001 /* Models.swift in Sources */,
				ACB6DA1C2E5A53FA00C242EF /* ParapenteStateManager.swift in Sources */,
				ACA08DB82E5B4EDC004F46BB /* ConfigurationManager.swift in Sources */,
				ACA08DBA2E5B4F2D004F46BB /* EnvironmentReader.swift in Sources */,
				1A0001001F000009001 /* MainViewController.swift in Sources */,
				1A0001001F000010001 /* PTTAudioManager.swift in Sources */,
				1A0001001F000011001 /* LocalizableStrings.swift in Sources */,
			);
			runOnlyForDeploymentPostprocessing = 0;
		};
/* End PBXSourcesBuildPhase section */

/* Begin XCBuildConfiguration section */
		1A000100000000017 /* Debug */ = {
			isa = XCBuildConfiguration;
			buildSettings = {
				ALWAYS_SEARCH_USER_PATHS = NO;
				CLANG_ANALYZER_LOCALIZABILITY_NONLOCALIZED = YES;
				CLANG_ANALYZER_NONNULL = YES;
				CLANG_ANALYZER_NUMBER_OBJECT_CONVERSION = YES_AGGRESSIVE;
				CLANG_CXX_LANGUAGE_STANDARD = "gnu++20";
				CLANG_ENABLE_MODULES = YES;
				CLANG_ENABLE_OBJC_ARC = YES;
				CLANG_ENABLE_OBJC_WEAK = YES;
				CLANG_WARN_BLOCK_CAPTURE_AUTORELEASING = YES;
				CLANG_WARN_BOOL_CONVERSION = YES;
				CLANG_WARN_COMMA = YES;
				CLANG_WARN_CONSTANT_CONVERSION = YES;
				CLANG_WARN_DEPRECATED_OBJC_IMPLEMENTATIONS = YES;
				CLANG_WARN_DIRECT_OBJC_ISA_USAGE = YES_ERROR;
				CLANG_WARN_DOCUMENTATION_COMMENTS = YES;
				CLANG_WARN_EMPTY_BODY = YES;
				CLANG_WARN_ENUM_CONVERSION = YES;
				CLANG_WARN_INFINITE_RECURSION = YES;
				CLANG_WARN_INT_CONVERSION = YES;
				CLANG_WARN_NON_LITERAL_NULL_CONVERSION = YES;
				CLANG_WARN_OBJC_IMPLICIT_RETAIN_SELF = YES;
				CLANG_WARN_OBJC_LITERAL_CONVERSION = YES;
				CLANG_WARN_OBJC_ROOT_CLASS = YES_ERROR;
				CLANG_WARN_QUOTED_INCLUDE_IN_FRAMEWORK_HEADER = YES;
				CLANG_WARN_RANGE_LOOP_ANALYSIS = YES;
				CLANG_WARN_STRICT_PROTOTYPES = YES;
				CLANG_WARN_SUSPICIOUS_MOVE = YES;
				CLANG_WARN_UNGUARDED_AVAILABILITY = YES_AGGRESSIVE;
				CLANG_WARN_UNREACHABLE_CODE = YES;
				CLANG_WARN__DUPLICATE_METHOD_MATCH = YES;
				COPY_PHASE_STRIP = NO;
				DEBUG_INFORMATION_FORMAT = dwarf;
				ENABLE_STRICT_OBJC_MSGSEND = YES;
				ENABLE_TESTABILITY = YES;
				GCC_C_LANGUAGE_STANDARD = gnu11;
				GCC_DYNAMIC_NO_PIC = NO;
				GCC_NO_COMMON_BLOCKS = YES;
				GCC_OPTIMIZATION_LEVEL = 0;
				GCC_PREPROCESSOR_DEFINITIONS = (
					"DEBUG=1",
					"$(inherited)",
				);
				GCC_WARN_64_TO_32_BIT_CONVERSION = YES;
				GCC_WARN_ABOUT_RETURN_TYPE = YES_ERROR;
				GCC_WARN_UNDECLARED_SELECTOR = YES;
				GCC_WARN_UNINITIALIZED_AUTOS = YES_AGGRESSIVE;
				GCC_WARN_UNUSED_FUNCTION = YES;
				GCC_WARN_UNUSED_VARIABLE = YES;
				IPHONEOS_DEPLOYMENT_TARGET = 16.0;
				MTL_ENABLE_DEBUG_INFO = INCLUDE_SOURCE;
				MTL_FAST_MATH = YES;
				ONLY_ACTIVE_ARCH = YES;
				SDKROOT = iphoneos;
				SWIFT_ACTIVE_COMPILATION_CONDITIONS = DEBUG;
				SWIFT_OPTIMIZATION_LEVEL = "-Onone";
			};
			name = Debug;
		};
		1A000100000000018 /* Release */ = {
			isa = XCBuildConfiguration;
			buildSettings = {
				ALWAYS_SEARCH_USER_PATHS = NO;
				CLANG_ANALYZER_LOCALIZABILITY_NONLOCALIZED = YES;
				CLANG_ANALYZER_NONNULL = YES;
				CLANG_ANALYZER_NUMBER_OBJECT_CONVERSION = YES_AGGRESSIVE;
				CLANG_CXX_LANGUAGE_STANDARD = "gnu++20";
				CLANG_ENABLE_MODULES = YES;
				CLANG_ENABLE_OBJC_ARC = YES;
				CLANG_ENABLE_OBJC_WEAK = YES;
				CLANG_WARN_BLOCK_CAPTURE_AUTORELEASING = YES;
				CLANG_WARN_BOOL_CONVERSION = YES;
				CLANG_WARN_COMMA = YES;
				CLANG_WARN_CONSTANT_CONVERSION = YES;
				CLANG_WARN_DEPRECATED_OBJC_IMPLEMENTATIONS = YES;
				CLANG_WARN_DIRECT_OBJC_ISA_USAGE = YES_ERROR;
				CLANG_WARN_DOCUMENTATION_COMMENTS = YES;
				CLANG_WARN_EMPTY_BODY = YES;
				CLANG_WARN_ENUM_CONVERSION = YES;
				CLANG_WARN_INFINITE_RECURSION = YES;
				CLANG_WARN_INT_CONVERSION = YES;
				CLANG_WARN_NON_LITERAL_NULL_CONVERSION = YES;
				CLANG_WARN_OBJC_IMPLICIT_RETAIN_SELF = YES;
				CLANG_WARN_OBJC_LITERAL_CONVERSION = YES;
				CLANG_WARN_OBJC_ROOT_CLASS = YES_ERROR;
				CLANG_WARN_QUOTED_INCLUDE_IN_FRAMEWORK_HEADER = YES;
				CLANG_WARN_RANGE_LOOP_ANALYSIS = YES;
				CLANG_WARN_STRICT_PROTOTYPES = YES;
				CLANG_WARN_SUSPICIOUS_MOVE = YES;
				CLANG_WARN_UNGUARDED_AVAILABILITY = YES_AGGRESSIVE;
				CLANG_WARN_UNREACHABLE_CODE = YES;
				CLANG_WARN__DUPLICATE_METHOD_MATCH = YES;
				COPY_PHASE_STRIP = NO;
				DEBUG_INFORMATION_FORMAT = "dwarf-with-dsym";
				ENABLE_NS_ASSERTIONS = NO;
				ENABLE_STRICT_OBJC_MSGSEND = YES;
				GCC_C_LANGUAGE_STANDARD = gnu11;
				GCC_NO_COMMON_BLOCKS = YES;
				GCC_WARN_64_TO_32_BIT_CONVERSION = YES;
				GCC_WARN_ABOUT_RETURN_TYPE = YES_ERROR;
				GCC_WARN_UNDECLARED_SELECTOR = YES;
				GCC_WARN_UNINITIALIZED_AUTOS = YES_AGGRESSIVE;
				GCC_WARN_UNUSED_FUNCTION = YES;
				GCC_WARN_UNUSED_VARIABLE = YES;
				IPHONEOS_DEPLOYMENT_TARGET = 16.0;
				MTL_ENABLE_DEBUG_INFO = NO;
				MTL_FAST_MATH = YES;
				SDKROOT = iphoneos;
				SWIFT_COMPILATION_MODE = wholemodule;
				SWIFT_OPTIMIZATION_LEVEL = "-O";
				VALIDATE_PRODUCT = YES;
			};
			name = Release;
		};
		1A000100000000019 /* Debug */ = {
			isa = XCBuildConfiguration;
			buildSettings = {
				ASSETCATALOG_COMPILER_APPICON_NAME = AppIcon;
				ASSETCATALOG_COMPILER_GLOBAL_ACCENT_COLOR_NAME = AccentColor;
				ASSETCATALOG_COMPILER_INCLUDE_ALL_APPICON_ASSETS = YES;
				CODE_SIGN_ENTITLEMENTS = ParaWavePTT/ParaWavePTT.entitlements;
				CODE_SIGN_STYLE = Automatic;
				CURRENT_PROJECT_VERSION = 1;
				DEVELOPMENT_TEAM = 6G4W4D2F29;
				GENERATE_INFOPLIST_FILE = NO;
				INFOPLIST_FILE = ParaWavePTT/Info.plist;
				INFOPLIST_KEY_CFBundleDisplayName = "Parawave PTT";
				INFOPLIST_KEY_LSApplicationCategoryType = "public.app-category.sports";
				INFOPLIST_KEY_NSLocationWhenInUseUsageDescription = "ParaWave PTT utilise la localisation pour vous proposer les canaux PTT adaptés à votre site de vol.";
				INFOPLIST_KEY_NSMicrophoneUsageDescription = "ParaWave PTT nécessite l'accès au microphone pour les communications vocales push-to-talk.";
				INFOPLIST_KEY_UIApplicationSupportsIndirectInputEvents = YES;
				INFOPLIST_KEY_UILaunchStoryboardName = LaunchScreen;
				INFOPLIST_KEY_UISupportedInterfaceOrientations = "UIInterfaceOrientationPortrait UIInterfaceOrientationLandscapeLeft UIInterfaceOrientationLandscapeRight";
				INFOPLIST_KEY_UISupportedInterfaceOrientations_iPad = "UIInterfaceOrientationPortrait UIInterfaceOrientationPortraitUpsideDown UIInterfaceOrientationLandscapeLeft UIInterfaceOrientationLandscapeRight";
				IPHONEOS_DEPLOYMENT_TARGET = 16.0;
				LD_RUNPATH_SEARCH_PATHS = (
					"$(inherited)",
					"@executable_path/Frameworks",
				);
				MARKETING_VERSION = 1.0;
				PRODUCT_BUNDLE_IDENTIFIER = com.highcanfly.parawaveptt;
				PRODUCT_NAME = "$(TARGET_NAME)";
				SWIFT_EMIT_LOC_STRINGS = YES;
				SWIFT_VERSION = 5.0;
				TARGETED_DEVICE_FAMILY = "1,2";
			};
			name = Debug;
		};
		1A000100000000020 /* Release */ = {
			isa = XCBuildConfiguration;
			buildSettings = {
				ASSETCATALOG_COMPILER_APPICON_NAME = AppIcon;
				ASSETCATALOG_COMPILER_GLOBAL_ACCENT_COLOR_NAME = AccentColor;
				ASSETCATALOG_COMPILER_INCLUDE_ALL_APPICON_ASSETS = YES;
				CODE_SIGN_ENTITLEMENTS = ParaWavePTT/ParaWavePTT.entitlements;
				CODE_SIGN_STYLE = Automatic;
				CURRENT_PROJECT_VERSION = 1;
				DEVELOPMENT_TEAM = 6G4W4D2F29;
				GENERATE_INFOPLIST_FILE = NO;
				INFOPLIST_FILE = ParaWavePTT/Info.plist;
				INFOPLIST_KEY_CFBundleDisplayName = "Parawave PTT";
				INFOPLIST_KEY_LSApplicationCategoryType = "public.app-category.sports";
				INFOPLIST_KEY_NSLocationWhenInUseUsageDescription = "ParaWave PTT utilise la localisation pour vous proposer les canaux PTT adaptés à votre site de vol.";
				INFOPLIST_KEY_NSMicrophoneUsageDescription = "ParaWave PTT nécessite l'accès au microphone pour les communications vocales push-to-talk.";
				INFOPLIST_KEY_UIApplicationSupportsIndirectInputEvents = YES;
				INFOPLIST_KEY_UILaunchStoryboardName = LaunchScreen;
				INFOPLIST_KEY_UISupportedInterfaceOrientations = "UIInterfaceOrientationPortrait UIInterfaceOrientationLandscapeLeft UIInterfaceOrientationLandscapeRight";
				INFOPLIST_KEY_UISupportedInterfaceOrientations_iPad = "UIInterfaceOrientationPortrait UIInterfaceOrientationPortraitUpsideDown UIInterfaceOrientationLandscapeLeft UIInterfaceOrientationLandscapeRight";
				IPHONEOS_DEPLOYMENT_TARGET = 16.0;
				LD_RUNPATH_SEARCH_PATHS = (
					"$(inherited)",
					"@executable_path/Frameworks",
				);
				MARKETING_VERSION = 1.0;
				PRODUCT_BUNDLE_IDENTIFIER = com.highcanfly.parawaveptt;
				PRODUCT_NAME = "$(TARGET_NAME)";
				SWIFT_EMIT_LOC_STRINGS = YES;
				SWIFT_VERSION = 5.0;
				TARGETED_DEVICE_FAMILY = "1,2";
			};
			name = Release;
		};
/* End XCBuildConfiguration section */

/* Begin XCConfigurationList section */
		1A000100000000012 /* Build configuration list for PBXNativeTarget "ParaWavePTT" */ = {
			isa = XCConfigurationList;
			buildConfigurations = (
				1A000100000000019 /* Debug */,
				1A000100000000020 /* Release */,
			);
			defaultConfigurationIsVisible = 0;
			defaultConfigurationName = Release;
		};
		1A000100000000016 /* Build configuration list for PBXProject "ParaWavePTT" */ = {
			isa = XCConfigurationList;
			buildConfigurations = (
				1A000100000000017 /* Debug */,
				1A000100000000018 /* Release */,
			);
			defaultConfigurationIsVisible = 0;
			defaultConfigurationName = Release;
		};
/* End XCConfigurationList section */

/* Begin XCRemoteSwiftPackageReference section */
		ACA08DBC2E5B56E7004F46BB /* XCRemoteSwiftPackageReference "Auth0" */ = {
			isa = XCRemoteSwiftPackageReference;
			repositoryURL = "https://github.com/auth0/Auth0.swift";
			requirement = {
				kind = upToNextMajorVersion;
				minimumVersion = 2.14.0;
			};
		};
/* End XCRemoteSwiftPackageReference section */

/* Begin XCSwiftPackageProductDependency section */
		ACA08DBD2E5B56E7004F46BB /* Auth0 */ = {
			isa = XCSwiftPackageProductDependency;
			package = ACA08DBC2E5B56E7004F46BB /* XCRemoteSwiftPackageReference "Auth0" */;
			productName = Auth0;
		};
/* End XCSwiftPackageProductDependency section */
	};
	rootObject = 1A000100000000015 /* Project object */;
}
